// !$*UTF8*$!
{
	archiveVersion = 1;
	classes = {
	};
	objectVersion = 48;
	objects = {

/* Begin PBXBuildFile section */
		F64D026520169BC600B738DE /* AppDelegate.swift in Sources */ = {isa = PBXBuildFile; fileRef = F64D026420169BC600B738DE /* AppDelegate.swift */; };
		F64D026720169BC600B738DE /* ViewController.swift in Sources */ = {isa = PBXBuildFile; fileRef = F64D026620169BC600B738DE /* ViewController.swift */; };
		F64D026A20169BC600B738DE /* Main.storyboard in Resources */ = {isa = PBXBuildFile; fileRef = F64D026820169BC600B738DE /* Main.storyboard */; };
		F64D026C20169BC600B738DE /* Assets.xcassets in Resources */ = {isa = PBXBuildFile; fileRef = F64D026B20169BC600B738DE /* Assets.xcassets */; };
		F64D026F20169BC600B738DE /* LaunchScreen.storyboard in Resources */ = {isa = PBXBuildFile; fileRef = F64D026D20169BC600B738DE /* LaunchScreen.storyboard */; };
		F64D027820169ED300B738DE /* Zip.framework in Frameworks */ = {isa = PBXBuildFile; fileRef = F64D027720169ED300B738DE /* Zip.framework */; };
		F64D027B20169F8D00B738DE /* Collection.swift in Sources */ = {isa = PBXBuildFile; fileRef = F64D027A20169F8D00B738DE /* Collection.swift */; };
		F65A2A232016A29D00B1C512 /* Alamofire.framework in Frameworks */ = {isa = PBXBuildFile; fileRef = F65A2A222016A29D00B1C512 /* Alamofire.framework */; };
/* End PBXBuildFile section */

/* Begin PBXFileReference section */
		F64D026120169BC600B738DE /* ZipManager.app */ = {isa = PBXFileReference; explicitFileType = wrapper.application; includeInIndex = 0; path = ZipManager.app; sourceTree = BUILT_PRODUCTS_DIR; };
		F64D026420169BC600B738DE /* AppDelegate.swift */ = {isa = PBXFileReference; lastKnownFileType = sourcecode.swift; path = AppDelegate.swift; sourceTree = "<group>"; };
		F64D026620169BC600B738DE /* ViewController.swift */ = {isa = PBXFileReference; lastKnownFileType = sourcecode.swift; path = ViewController.swift; sourceTree = "<group>"; };
		F64D026920169BC600B738DE /* Base */ = {isa = PBXFileReference; lastKnownFileType = file.storyboard; name = Base; path = Base.lproj/Main.storyboard; sourceTree = "<group>"; };
		F64D026B20169BC600B738DE /* Assets.xcassets */ = {isa = PBXFileReference; lastKnownFileType = folder.assetcatalog; path = Assets.xcassets; sourceTree = "<group>"; };
		F64D026E20169BC600B738DE /* Base */ = {isa = PBXFileReference; lastKnownFileType = file.storyboard; name = Base; path = Base.lproj/LaunchScreen.storyboard; sourceTree = "<group>"; };
		F64D027020169BC600B738DE /* Info.plist */ = {isa = PBXFileReference; lastKnownFileType = text.plist.xml; path = Info.plist; sourceTree = "<group>"; };
		F64D027720169ED300B738DE /* Zip.framework */ = {isa = PBXFileReference; lastKnownFileType = wrapper.framework; name = Zip.framework; path = Carthage/Build/iOS/Zip.framework; sourceTree = "<group>"; };
		F64D027A20169F8D00B738DE /* Collection.swift */ = {isa = PBXFileReference; lastKnownFileType = sourcecode.swift; path = Collection.swift; sourceTree = "<group>"; };
		F65A2A222016A29D00B1C512 /* Alamofire.framework */ = {isa = PBXFileReference; lastKnownFileType = wrapper.framework; name = Alamofire.framework; path = Carthage/Build/iOS/Alamofire.framework; sourceTree = "<group>"; };
/* End PBXFileReference section */

/* Begin PBXFrameworksBuildPhase section */
		F64D025E20169BC600B738DE /* Frameworks */ = {
			isa = PBXFrameworksBuildPhase;
			buildActionMask = 2147483647;
			files = (
				F64D027820169ED300B738DE /* Zip.framework in Frameworks */,
				F65A2A232016A29D00B1C512 /* Alamofire.framework in Frameworks */,
			);
			runOnlyForDeploymentPostprocessing = 0;
		};
/* End PBXFrameworksBuildPhase section */

/* Begin PBXGroup section */
		F64D025820169BC600B738DE = {
			isa = PBXGroup;
			children = (
				F64D026320169BC600B738DE /* ZipManager */,
				F64D026220169BC600B738DE /* Products */,
				F64D027620169ED300B738DE /* Frameworks */,
			);
			sourceTree = "<group>";
		};
		F64D026220169BC600B738DE /* Products */ = {
			isa = PBXGroup;
			children = (
				F64D026120169BC600B738DE /* ZipManager.app */,
			);
			name = Products;
			sourceTree = "<group>";
		};
		F64D026320169BC600B738DE /* ZipManager */ = {
			isa = PBXGroup;
			children = (
				F64D026420169BC600B738DE /* AppDelegate.swift */,
				F64D026620169BC600B738DE /* ViewController.swift */,
				F64D026820169BC600B738DE /* Main.storyboard */,
				F64D026B20169BC600B738DE /* Assets.xcassets */,
				F64D026D20169BC600B738DE /* LaunchScreen.storyboard */,
				F64D027020169BC600B738DE /* Info.plist */,
				F64D027A20169F8D00B738DE /* Collection.swift */,
			);
			path = ZipManager;
			sourceTree = "<group>";
		};
		F64D027620169ED300B738DE /* Frameworks */ = {
			isa = PBXGroup;
			children = (
				F65A2A222016A29D00B1C512 /* Alamofire.framework */,
				F64D027720169ED300B738DE /* Zip.framework */,
			);
			name = Frameworks;
			sourceTree = "<group>";
		};
/* End PBXGroup section */

/* Begin PBXNativeTarget section */
		F64D026020169BC600B738DE /* ZipManager */ = {
			isa = PBXNativeTarget;
			buildConfigurationList = F64D027320169BC600B738DE /* Build configuration list for PBXNativeTarget "ZipManager" */;
			buildPhases = (
				F64D025D20169BC600B738DE /* Sources */,
				F64D025E20169BC600B738DE /* Frameworks */,
				F64D025F20169BC600B738DE /* Resources */,
				F64D027920169EDB00B738DE /* ShellScript */,
			);
			buildRules = (
			);
			dependencies = (
			);
			name = ZipManager;
			productName = ZipManager;
			productReference = F64D026120169BC600B738DE /* ZipManager.app */;
			productType = "com.apple.product-type.application";
		};
/* End PBXNativeTarget section */

/* Begin PBXProject section */
		F64D025920169BC600B738DE /* Project object */ = {
			isa = PBXProject;
			attributes = {
				LastSwiftUpdateCheck = 0920;
				LastUpgradeCheck = 0920;
				ORGANIZATIONNAME = "Chris Mauldin";
				TargetAttributes = {
					F64D026020169BC600B738DE = {
						CreatedOnToolsVersion = 9.2;
						ProvisioningStyle = Automatic;
					};
				};
			};
			buildConfigurationList = F64D025C20169BC600B738DE /* Build configuration list for PBXProject "ZipManager" */;
			compatibilityVersion = "Xcode 8.0";
			developmentRegion = en;
			hasScannedForEncodings = 0;
			knownRegions = (
				en,
				Base,
			);
			mainGroup = F64D025820169BC600B738DE;
			productRefGroup = F64D026220169BC600B738DE /* Products */;
			projectDirPath = "";
			projectRoot = "";
			targets = (
				F64D026020169BC600B738DE /* ZipManager */,
			);
		};
/* End PBXProject section */

/* Begin PBXResourcesBuildPhase section */
		F64D025F20169BC600B738DE /* Resources */ = {
			isa = PBXResourcesBuildPhase;
			buildActionMask = 2147483647;
			files = (
				F64D026F20169BC600B738DE /* LaunchScreen.storyboard in Resources */,
				F64D026C20169BC600B738DE /* Assets.xcassets in Resources */,
				F64D026A20169BC600B738DE /* Main.storyboard in Resources */,
			);
			runOnlyForDeploymentPostprocessing = 0;
		};
/* End PBXResourcesBuildPhase section */

/* Begin PBXShellScriptBuildPhase section */
		F64D027920169EDB00B738DE /* ShellScript */ = {
			isa = PBXShellScriptBuildPhase;
			buildActionMask = 2147483647;
			files = (
			);
			inputPaths = (
				"$(SRCROOT)/Carthage/Build/iOS/Zip.framework",
				"$(SRCROOT)/Carthage/Build/iOS/Alamofire.framework",
			);
			outputPaths = (
				"$(BUILT_PRODUCTS_DIR)/$(FRAMEWORKS_FOLDER_PATH)/Result.framework",
				"$(BUILT_PRODUCTS_DIR)/$(FRAMEWORKS_FOLDER_PATH)/Alamofire.framework",
			);
			runOnlyForDeploymentPostprocessing = 0;
			shellPath = /bin/sh;
			shellScript = "/usr/local/bin/carthage copy-frameworks";
		};
/* End PBXShellScriptBuildPhase section */

/* Begin PBXSourcesBuildPhase section */
		F64D025D20169BC600B738DE /* Sources */ = {
			isa = PBXSourcesBuildPhase;
			buildActionMask = 2147483647;
			files = (
				F64D027B20169F8D00B738DE /* Collection.swift in Sources */,
				F64D026720169BC600B738DE /* ViewController.swift in Sources */,
				F64D026520169BC600B738DE /* AppDelegate.swift in Sources */,
			);
			runOnlyForDeploymentPostprocessing = 0;
		};
/* End PBXSourcesBuildPhase section */

/* Begin PBXVariantGroup section */
		F64D026820169BC600B738DE /* Main.storyboard */ = {
			isa = PBXVariantGroup;
			children = (
				F64D026920169BC600B738DE /* Base */,
			);
			name = Main.storyboard;
			sourceTree = "<group>";
		};
		F64D026D20169BC600B738DE /* LaunchScreen.storyboard */ = {
			isa = PBXVariantGroup;
			children = (
				F64D026E20169BC600B738DE /* Base */,
			);
			name = LaunchScreen.storyboard;
			sourceTree = "<group>";
		};
/* End PBXVariantGroup section */

/* Begin XCBuildConfiguration section */
		F64D027120169BC600B738DE /* Debug */ = {
			isa = XCBuildConfiguration;
			buildSettings = {
				ALWAYS_SEARCH_USER_PATHS = NO;
				CLANG_ANALYZER_NONNULL = YES;
				CLANG_ANALYZER_NUMBER_OBJECT_CONVERSION = YES_AGGRESSIVE;
				CLANG_CXX_LANGUAGE_STANDARD = "gnu++14";
				CLANG_CXX_LIBRARY = "libc++";
				CLANG_ENABLE_MODULES = YES;
				CLANG_ENABLE_OBJC_ARC = YES;
				CLANG_WARN_BLOCK_CAPTURE_AUTORELEASING = YES;
				CLANG_WARN_BOOL_CONVERSION = YES;
				CLANG_WARN_COMMA = YES;
				CLANG_WARN_CONSTANT_CONVERSION = YES;
				CLANG_WARN_DIRECT_OBJC_ISA_USAGE = YES_ERROR;
				CLANG_WARN_DOCUMENTATION_COMMENTS = YES;
				CLANG_WARN_EMPTY_BODY = YES;
				CLANG_WARN_ENUM_CONVERSION = YES;
				CLANG_WARN_INFINITE_RECURSION = YES;
				CLANG_WARN_INT_CONVERSION = YES;
				CLANG_WARN_NON_LITERAL_NULL_CONVERSION = YES;
				CLANG_WARN_OBJC_LITERAL_CONVERSION = YES;
				CLANG_WARN_OBJC_ROOT_CLASS = YES_ERROR;
				CLANG_WARN_RANGE_LOOP_ANALYSIS = YES;
				CLANG_WARN_STRICT_PROTOTYPES = YES;
				CLANG_WARN_SUSPICIOUS_MOVE = YES;
				CLANG_WARN_UNGUARDED_AVAILABILITY = YES_AGGRESSIVE;
				CLANG_WARN_UNREACHABLE_CODE = YES;
				CLANG_WARN__DUPLICATE_METHOD_MATCH = YES;
				CODE_SIGN_IDENTITY = "iPhone Developer";
				COPY_PHASE_STRIP = NO;
				DEBUG_INFORMATION_FORMAT = dwarf;
				ENABLE_STRICT_OBJC_MSGSEND = YES;
				ENABLE_TESTABILITY = YES;
				GCC_C_LANGUAGE_STANDARD = gnu11;
				GCC_DYNAMIC_NO_PIC = NO;
				GCC_NO_COMMON_BLOCKS = YES;
				GCC_OPTIMIZATION_LEVEL = 0;
				GCC_PREPROCESSOR_DEFINITIONS = (
					"DEBUG=1",
					"$(inherited)",
				);
				GCC_WARN_64_TO_32_BIT_CONVERSION = YES;
				GCC_WARN_ABOUT_RETURN_TYPE = YES_ERROR;
				GCC_WARN_UNDECLARED_SELECTOR = YES;
				GCC_WARN_UNINITIALIZED_AUTOS = YES_AGGRESSIVE;
				GCC_WARN_UNUSED_FUNCTION = YES;
				GCC_WARN_UNUSED_VARIABLE = YES;
				IPHONEOS_DEPLOYMENT_TARGET = 11.2;
				MTL_ENABLE_DEBUG_INFO = YES;
				ONLY_ACTIVE_ARCH = YES;
				SDKROOT = iphoneos;
				SWIFT_ACTIVE_COMPILATION_CONDITIONS = DEBUG;
				SWIFT_OPTIMIZATION_LEVEL = "-Onone";
			};
			name = Debug;
		};
		F64D027220169BC600B738DE /* Release */ = {
			isa = XCBuildConfiguration;
			buildSettings = {
				ALWAYS_SEARCH_USER_PATHS = NO;
				CLANG_ANALYZER_NONNULL = YES;
				CLANG_ANALYZER_NUMBER_OBJECT_CONVERSION = YES_AGGRESSIVE;
				CLANG_CXX_LANGUAGE_STANDARD = "gnu++14";
				CLANG_CXX_LIBRARY = "libc++";
				CLANG_ENABLE_MODULES = YES;
				CLANG_ENABLE_OBJC_ARC = YES;
				CLANG_WARN_BLOCK_CAPTURE_AUTORELEASING = YES;
				CLANG_WARN_BOOL_CONVERSION = YES;
				CLANG_WARN_COMMA = YES;
				CLANG_WARN_CONSTANT_CONVERSION = YES;
				CLANG_WARN_DIRECT_OBJC_ISA_USAGE = YES_ERROR;
				CLANG_WARN_DOCUMENTATION_COMMENTS = YES;
				CLANG_WARN_EMPTY_BODY = YES;
				CLANG_WARN_ENUM_CONVERSION = YES;
				CLANG_WARN_INFINITE_RECURSION = YES;
				CLANG_WARN_INT_CONVERSION = YES;
				CLANG_WARN_NON_LITERAL_NULL_CONVERSION = YES;
				CLANG_WARN_OBJC_LITERAL_CONVERSION = YES;
				CLANG_WARN_OBJC_ROOT_CLASS = YES_ERROR;
				CLANG_WARN_RANGE_LOOP_ANALYSIS = YES;
				CLANG_WARN_STRICT_PROTOTYPES = YES;
				CLANG_WARN_SUSPICIOUS_MOVE = YES;
				CLANG_WARN_UNGUARDED_AVAILABILITY = YES_AGGRESSIVE;
				CLANG_WARN_UNREACHABLE_CODE = YES;
				CLANG_WARN__DUPLICATE_METHOD_MATCH = YES;
				CODE_SIGN_IDENTITY = "iPhone Developer";
				COPY_PHASE_STRIP = NO;
				DEBUG_INFORMATION_FORMAT = "dwarf-with-dsym";
				ENABLE_NS_ASSERTIONS = NO;
				ENABLE_STRICT_OBJC_MSGSEND = YES;
				GCC_C_LANGUAGE_STANDARD = gnu11;
				GCC_NO_COMMON_BLOCKS = YES;
				GCC_WARN_64_TO_32_BIT_CONVERSION = YES;
				GCC_WARN_ABOUT_RETURN_TYPE = YES_ERROR;
				GCC_WARN_UNDECLARED_SELECTOR = YES;
				GCC_WARN_UNINITIALIZED_AUTOS = YES_AGGRESSIVE;
				GCC_WARN_UNUSED_FUNCTION = YES;
				GCC_WARN_UNUSED_VARIABLE = YES;
				IPHONEOS_DEPLOYMENT_TARGET = 11.2;
				MTL_ENABLE_DEBUG_INFO = NO;
				SDKROOT = iphoneos;
				SWIFT_OPTIMIZATION_LEVEL = "-Owholemodule";
				VALIDATE_PRODUCT = YES;
			};
			name = Release;
		};
		F64D027420169BC600B738DE /* Debug */ = {
			isa = XCBuildConfiguration;
			buildSettings = {
				ASSETCATALOG_COMPILER_APPICON_NAME = AppIcon;
				CODE_SIGN_STYLE = Automatic;
				DEVELOPMENT_TEAM = K62Y623GK6;
				FRAMEWORK_SEARCH_PATHS = (
					"$(inherited)",
					"$(PROJECT_DIR)/Carthage/Build/iOS",
				);
				INFOPLIST_FILE = ZipManager/Info.plist;
				LD_RUNPATH_SEARCH_PATHS = "$(inherited) @executable_path/Frameworks";
				PRODUCT_BUNDLE_IDENTIFIER = "e-bushi.ZipManager";
				PRODUCT_NAME = "$(TARGET_NAME)";
				SWIFT_VERSION = 4.0;
				TARGETED_DEVICE_FAMILY = "1,2";
			};
			name = Debug;
		};
		F64D027520169BC600B738DE /* Release */ = {
			isa = XCBuildConfiguration;
			buildSettings = {
				ASSETCATALOG_COMPILER_APPICON_NAME = AppIcon;
				CODE_SIGN_STYLE = Automatic;
				DEVELOPMENT_TEAM = K62Y623GK6;
				FRAMEWORK_SEARCH_PATHS = (
					"$(inherited)",
					"$(PROJECT_DIR)/Carthage/Build/iOS",
				);
				INFOPLIST_FILE = ZipManager/Info.plist;
				LD_RUNPATH_SEARCH_PATHS = "$(inherited) @executable_path/Frameworks";
				PRODUCT_BUNDLE_IDENTIFIER = "e-bushi.ZipManager";
				PRODUCT_NAME = "$(TARGET_NAME)";
				SWIFT_VERSION = 4.0;
				TARGETED_DEVICE_FAMILY = "1,2";
			};
			name = Release;
		};
/* End XCBuildConfiguration section */

/* Begin XCConfigurationList section */
		F64D025C20169BC600B738DE /* Build configuration list for PBXProject "ZipManager" */ = {
			isa = XCConfigurationList;
			buildConfigurations = (
				F64D027120169BC600B738DE /* Debug */,
				F64D027220169BC600B738DE /* Release */,
			);
			defaultConfigurationIsVisible = 0;
			defaultConfigurationName = Release;
		};
		F64D027320169BC600B738DE /* Build configuration list for PBXNativeTarget "ZipManager" */ = {
			isa = XCConfigurationList;
			buildConfigurations = (
				F64D027420169BC600B738DE /* Debug */,
				F64D027520169BC600B738DE /* Release */,
			);
			defaultConfigurationIsVisible = 0;
			defaultConfigurationName = Release;
		};
/* End XCConfigurationList section */
	};
	rootObject = F64D025920169BC600B738DE /* Project object */;
}
